
Microsoft Visual Studio Solution File, Format Version 12.00
# Visual Studio Version 16
VisualStudioVersion = 16.0.30225.117
MinimumVisualStudioVersion = 10.0.40219.1
Project("{FAE04EC0-301F-11D3-BF4B-00C04F79EFBC}") = "Lesson51", "Lesson51.csproj", "{251E831B-EBFE-4AE8-904A-6C3659908634}"
EndProject
Project("{FAE04EC0-301F-11D3-BF4B-00C04F79EFBC}") = "Lesson52", "..\Lesson52\Lesson52.csproj", "{9BA8F6C6-83E3-49F5-8356-E2722F376361}"
EndProject
Project("{FAE04EC0-301F-11D3-BF4B-00C04F79EFBC}") = "Lesson53", "..\Lesson53\Lesson53.csproj", "{CEE60456-5202-462C-AA8C-B94C96A973A0}"
EndProject
Project("{FAE04EC0-301F-11D3-BF4B-00C04F79EFBC}") = "Lesson54", "..\Lesson54\Lesson54.csproj", "{90FD85EE-1F2E-409E-8698-66A05C5111E6}"
EndProject
Project("{FAE04EC0-301F-11D3-BF4B-00C04F79EFBC}") = "Lesson55", "..\Lesson55\Lesson55.csproj", "{E8BB6A94-7C79-42DB-9431-2CDF8AD967EE}"
EndProject
Global
	GlobalSection(SolutionConfigurationPlatforms) = preSolution
		Debug|Any CPU = Debug|Any CPU
		Release|Any CPU = Release|Any CPU
	EndGlobalSection
	GlobalSection(ProjectConfigurationPlatforms) = postSolution
		{251E831B-EBFE-4AE8-904A-6C3659908634}.Debug|Any CPU.ActiveCfg = Debug|Any CPU
		{251E831B-EBFE-4AE8-904A-6C3659908634}.Debug|Any CPU.Build.0 = Debug|Any CPU
		{251E831B-EBFE-4AE8-904A-6C3659908634}.Release|Any CPU.ActiveCfg = Release|Any CPU
		{251E831B-EBFE-4AE8-904A-6C3659908634}.Release|Any CPU.Build.0 = Release|Any CPU
		{9BA8F6C6-83E3-49F5-8356-E2722F376361}.Debug|Any CPU.ActiveCfg = Debug|Any CPU
		{9BA8F6C6-83E3-49F5-8356-E2722F376361}.Debug|Any CPU.Build.0 = Debug|Any CPU
		{9BA8F6C6-83E3-49F5-8356-E2722F376361}.Release|Any CPU.ActiveCfg = Release|Any CPU
		{9BA8F6C6-83E3-49F5-8356-E2722F376361}.Release|Any CPU.Build.0 = Release|Any CPU
		{CEE60456-5202-462C-AA8C-B94C96A973A0}.Debug|Any CPU.ActiveCfg = Debug|Any CPU
		{CEE60456-5202-462C-AA8C-B94C96A973A0}.Debug|Any CPU.Build.0 = Debug|Any CPU
		{CEE60456-5202-462C-AA8C-B94C96A973A0}.Release|Any CPU.ActiveCfg = Release|Any CPU
		{CEE60456-5202-462C-AA8C-B94C96A973A0}.Release|Any CPU.Build.0 = Release|Any CPU
		{90FD85EE-1F2E-409E-8698-66A05C5111E6}.Debug|Any CPU.ActiveCfg = Debug|Any CPU
		{90FD85EE-1F2E-409E-8698-66A05C5111E6}.Debug|Any CPU.Build.0 = Debug|Any CPU
		{90FD85EE-1F2E-409E-8698-66A05C5111E6}.Release|Any CPU.ActiveCfg = Release|Any CPU
		{90FD85EE-1F2E-409E-8698-66A05C5111E6}.Release|Any CPU.Build.0 = Release|Any CPU
		{E8BB6A94-7C79-42DB-9431-2CDF8AD967EE}.Debug|Any CPU.ActiveCfg = Debug|Any CPU
		{E8BB6A94-7C79-42DB-9431-2CDF8AD967EE}.Debug|Any CPU.Build.0 = Debug|Any CPU
		{E8BB6A94-7C79-42DB-9431-2CDF8AD967EE}.Release|Any CPU.ActiveCfg = Release|Any CPU
		{E8BB6A94-7C79-42DB-9431-2CDF8AD967EE}.Release|Any CPU.Build.0 = Release|Any CPU
	EndGlobalSection
	GlobalSection(SolutionProperties) = preSolution
		HideSolutionNode = FALSE
	EndGlobalSection
	GlobalSection(ExtensibilityGlobals) = postSolution
		SolutionGuid = {A6799118-B609-4F1F-88CB-B6BF5D43C3B1}
	EndGlobalSection
EndGlobal
